// !$*UTF8*$!
{
	archiveVersion = 1;
	classes = {
	};
	objectVersion = 56;
	objects = {

/* Begin PBXBuildFile section */
		D835AA3D2C010896002586DA /* DemoTaskListApp.swift in Sources */ = {isa = PBXBuildFile; fileRef = D835AA3C2C010896002586DA /* DemoTaskListApp.swift */; };
		D835AA3F2C010896002586DA /* ContentView.swift in Sources */ = {isa = PBXBuildFile; fileRef = D835AA3E2C010896002586DA /* ContentView.swift */; };
		D835AA412C010897002586DA /* Assets.xcassets in Resources */ = {isa = PBXBuildFile; fileRef = D835AA402C010897002586DA /* Assets.xcassets */; };
		D835AA442C010897002586DA /* Preview Assets.xcassets in Resources */ = {isa = PBXBuildFile; fileRef = D835AA432C010897002586DA /* Preview Assets.xcassets */; };
		D835AA4E2C010897002586DA /* DemoTaskListTests.swift in Sources */ = {isa = PBXBuildFile; fileRef = D835AA4D2C010897002586DA /* DemoTaskListTests.swift */; };
		D835AA582C010897002586DA /* DemoTaskListUITests.swift in Sources */ = {isa = PBXBuildFile; fileRef = D835AA572C010897002586DA /* DemoTaskListUITests.swift */; };
		D835AA5A2C010897002586DA /* DemoTaskListUITestsLaunchTests.swift in Sources */ = {isa = PBXBuildFile; fileRef = D835AA592C010897002586DA /* DemoTaskListUITestsLaunchTests.swift */; };
/* End PBXBuildFile section */

/* Begin PBXContainerItemProxy section */
		D835AA4A2C010897002586DA /* PBXContainerItemProxy */ = {
			isa = PBXContainerItemProxy;
			containerPortal = D835AA312C010896002586DA /* Project object */;
			proxyType = 1;
			remoteGlobalIDString = D835AA382C010896002586DA;
			remoteInfo = DemoTaskList;
		};
		D835AA542C010897002586DA /* PBXContainerItemProxy */ = {
			isa = PBXContainerItemProxy;
			containerPortal = D835AA312C010896002586DA /* Project object */;
			proxyType = 1;
			remoteGlobalIDString = D835AA382C010896002586DA;
			remoteInfo = DemoTaskList;
		};
/* End PBXContainerItemProxy section */

/* Begin PBXFileReference section */
		D835AA392C010896002586DA /* DemoTaskList.app */ = {isa = PBXFileReference; explicitFileType = wrapper.application; includeInIndex = 0; path = DemoTaskList.app; sourceTree = BUILT_PRODUCTS_DIR; };
		D835AA3C2C010896002586DA /* DemoTaskListApp.swift */ = {isa = PBXFileReference; lastKnownFileType = sourcecode.swift; path = DemoTaskListApp.swift; sourceTree = "<group>"; };
		D835AA3E2C010896002586DA /* ContentView.swift */ = {isa = PBXFileReference; lastKnownFileType = sourcecode.swift; path = ContentView.swift; sourceTree = "<group>"; };
		D835AA402C010897002586DA /* Assets.xcassets */ = {isa = PBXFileReference; lastKnownFileType = folder.assetcatalog; path = Assets.xcassets; sourceTree = "<group>"; };
		D835AA432C010897002586DA /* Preview Assets.xcassets */ = {isa = PBXFileReference; lastKnownFileType = folder.assetcatalog; path = "Preview Assets.xcassets"; sourceTree = "<group>"; };
		D835AA492C010897002586DA /* DemoTaskListTests.xctest */ = {isa = PBXFileReference; explicitFileType = wrapper.cfbundle; includeInIndex = 0; path = DemoTaskListTests.xctest; sourceTree = BUILT_PRODUCTS_DIR; };
		D835AA4D2C010897002586DA /* DemoTaskListTests.swift */ = {isa = PBXFileReference; lastKnownFileType = sourcecode.swift; path = DemoTaskListTests.swift; sourceTree = "<group>"; };
		D835AA532C010897002586DA /* DemoTaskListUITests.xctest */ = {isa = PBXFileReference; explicitFileType = wrapper.cfbundle; includeInIndex = 0; path = DemoTaskListUITests.xctest; sourceTree = BUILT_PRODUCTS_DIR; };
		D835AA572C010897002586DA /* DemoTaskListUITests.swift */ = {isa = PBXFileReference; lastKnownFileType = sourcecode.swift; path = DemoTaskListUITests.swift; sourceTree = "<group>"; };
		D835AA592C010897002586DA /* DemoTaskListUITestsLaunchTests.swift */ = {isa = PBXFileReference; lastKnownFileType = sourcecode.swift; path = DemoTaskListUITestsLaunchTests.swift; sourceTree = "<group>"; };
/* End PBXFileReference section */

/* Begin PBXFrameworksBuildPhase section */
		D835AA362C010896002586DA /* Frameworks */ = {
			isa = PBXFrameworksBuildPhase;
			buildActionMask = 2147483647;
			files = (
			);
			runOnlyForDeploymentPostprocessing = 0;
		};
		D835AA462C010897002586DA /* Frameworks */ = {
			isa = PBXFrameworksBuildPhase;
			buildActionMask = 2147483647;
			files = (
			);
			runOnlyForDeploymentPostprocessing = 0;
		};
		D835AA502C010897002586DA /* Frameworks */ = {
			isa = PBXFrameworksBuildPhase;
			buildActionMask = 2147483647;
			files = (
			);
			runOnlyForDeploymentPostprocessing = 0;
		};
/* End PBXFrameworksBuildPhase section */

/* Begin PBXGroup section */
		D835AA302C010896002586DA = {
			isa = PBXGroup;
			children = (
				D835AA3B2C010896002586DA /* DemoTaskList */,
				D835AA4C2C010897002586DA /* DemoTaskListTests */,
				D835AA562C010897002586DA /* DemoTaskListUITests */,
				D835AA3A2C010896002586DA /* Products */,
			);
			sourceTree = "<group>";
		};
		D835AA3A2C010896002586DA /* Products */ = {
			isa = PBXGroup;
			children = (
				D835AA392C010896002586DA /* DemoTaskList.app */,
				D835AA492C010897002586DA /* DemoTaskListTests.xctest */,
				D835AA532C010897002586DA /* DemoTaskListUITests.xctest */,
			);
			name = Products;
			sourceTree = "<group>";
		};
		D835AA3B2C010896002586DA /* DemoTaskList */ = {
			isa = PBXGroup;
			children = (
				D835AA3C2C010896002586DA /* DemoTaskListApp.swift */,
				D835AA3E2C010896002586DA /* ContentView.swift */,
				D835AA402C010897002586DA /* Assets.xcassets */,
				D835AA422C010897002586DA /* Preview Content */,
			);
			path = DemoTaskList;
			sourceTree = "<group>";
		};
		D835AA422C010897002586DA /* Preview Content */ = {
			isa = PBXGroup;
			children = (
				D835AA432C010897002586DA /* Preview Assets.xcassets */,
			);
			path = "Preview Content";
			sourceTree = "<group>";
		};
		D835AA4C2C010897002586DA /* DemoTaskListTests */ = {
			isa = PBXGroup;
			children = (
				D835AA4D2C010897002586DA /* DemoTaskListTests.swift */,
			);
			path = DemoTaskListTests;
			sourceTree = "<group>";
		};
		D835AA562C010897002586DA /* DemoTaskListUITests */ = {
			isa = PBXGroup;
			children = (
				D835AA572C010897002586DA /* DemoTaskListUITests.swift */,
				D835AA592C010897002586DA /* DemoTaskListUITestsLaunchTests.swift */,
			);
			path = DemoTaskListUITests;
			sourceTree = "<group>";
		};
/* End PBXGroup section */

/* Begin PBXNativeTarget section */
		D835AA382C010896002586DA /* DemoTaskList */ = {
			isa = PBXNativeTarget;
			buildConfigurationList = D835AA5D2C010897002586DA /* Build configuration list for PBXNativeTarget "DemoTaskList" */;
			buildPhases = (
				D835AA352C010896002586DA /* Sources */,
				D835AA362C010896002586DA /* Frameworks */,
				D835AA372C010896002586DA /* Resources */,
			);
			buildRules = (
			);
			dependencies = (
			);
			name = DemoTaskList;
			productName = DemoTaskList;
			productReference = D835AA392C010896002586DA /* DemoTaskList.app */;
			productType = "com.apple.product-type.application";
		};
		D835AA482C010897002586DA /* DemoTaskListTests */ = {
			isa = PBXNativeTarget;
			buildConfigurationList = D835AA602C010897002586DA /* Build configuration list for PBXNativeTarget "DemoTaskListTests" */;
			buildPhases = (
				D835AA452C010897002586DA /* Sources */,
				D835AA462C010897002586DA /* Frameworks */,
				D835AA472C010897002586DA /* Resources */,
			);
			buildRules = (
			);
			dependencies = (
				D835AA4B2C010897002586DA /* PBXTargetDependency */,
			);
			name = DemoTaskListTests;
			productName = DemoTaskListTests;
			productReference = D835AA492C010897002586DA /* DemoTaskListTests.xctest */;
			productType = "com.apple.product-type.bundle.unit-test";
		};
		D835AA522C010897002586DA /* DemoTaskListUITests */ = {
			isa = PBXNativeTarget;
			buildConfigurationList = D835AA632C010897002586DA /* Build configuration list for PBXNativeTarget "DemoTaskListUITests" */;
			buildPhases = (
				D835AA4F2C010897002586DA /* Sources */,
				D835AA502C010897002586DA /* Frameworks */,
				D835AA512C010897002586DA /* Resources */,
			);
			buildRules = (
			);
			dependencies = (
				D835AA552C010897002586DA /* PBXTargetDependency */,
			);
			name = DemoTaskListUITests;
			productName = DemoTaskListUITests;
			productReference = D835AA532C010897002586DA /* DemoTaskListUITests.xctest */;
			productType = "com.apple.product-type.bundle.ui-testing";
		};
/* End PBXNativeTarget section */

/* Begin PBXProject section */
		D835AA312C010896002586DA /* Project object */ = {
			isa = PBXProject;
			attributes = {
				BuildIndependentTargetsInParallel = 1;
				LastSwiftUpdateCheck = 1540;
				LastUpgradeCheck = 1540;
				TargetAttributes = {
					D835AA382C010896002586DA = {
						CreatedOnToolsVersion = 15.4;
					};
					D835AA482C010897002586DA = {
						CreatedOnToolsVersion = 15.4;
						TestTargetID = D835AA382C010896002586DA;
					};
					D835AA522C010897002586DA = {
						CreatedOnToolsVersion = 15.4;
						TestTargetID = D835AA382C010896002586DA;
					};
				};
			};
			buildConfigurationList = D835AA342C010896002586DA /* Build configuration list for PBXProject "DemoTaskList" */;
			compatibilityVersion = "Xcode 14.0";
			developmentRegion = en;
			hasScannedForEncodings = 0;
			knownRegions = (
				en,
				Base,
			);
			mainGroup = D835AA302C010896002586DA;
			productRefGroup = D835AA3A2C010896002586DA /* Products */;
			projectDirPath = "";
			projectRoot = "";
			targets = (
				D835AA382C010896002586DA /* DemoTaskList */,
				D835AA482C010897002586DA /* DemoTaskListTests */,
				D835AA522C010897002586DA /* DemoTaskListUITests */,
			);
		};
/* End PBXProject section */

/* Begin PBXResourcesBuildPhase section */
		D835AA372C010896002586DA /* Resources */ = {
			isa = PBXResourcesBuildPhase;
			buildActionMask = 2147483647;
			files = (
				D835AA442C010897002586DA /* Preview Assets.xcassets in Resources */,
				D835AA412C010897002586DA /* Assets.xcassets in Resources */,
			);
			runOnlyForDeploymentPostprocessing = 0;
		};
		D835AA472C010897002586DA /* Resources */ = {
			isa = PBXResourcesBuildPhase;
			buildActionMask = 2147483647;
			files = (
			);
			runOnlyForDeploymentPostprocessing = 0;
		};
		D835AA512C010897002586DA /* Resources */ = {
			isa = PBXResourcesBuildPhase;
			buildActionMask = 2147483647;
			files = (
			);
			runOnlyForDeploymentPostprocessing = 0;
		};
/* End PBXResourcesBuildPhase section */

/* Begin PBXSourcesBuildPhase section */
		D835AA352C010896002586DA /* Sources */ = {
			isa = PBXSourcesBuildPhase;
			buildActionMask = 2147483647;
			files = (
				D835AA3F2C010896002586DA /* ContentView.swift in Sources */,
				D835AA3D2C010896002586DA /* DemoTaskListApp.swift in Sources */,
			);
			runOnlyForDeploymentPostprocessing = 0;
		};
		D835AA452C010897002586DA /* Sources */ = {
			isa = PBXSourcesBuildPhase;
			buildActionMask = 2147483647;
			files = (
				D835AA4E2C010897002586DA /* DemoTaskListTests.swift in Sources */,
			);
			runOnlyForDeploymentPostprocessing = 0;
		};
		D835AA4F2C010897002586DA /* Sources */ = {
			isa = PBXSourcesBuildPhase;
			buildActionMask = 2147483647;
			files = (
				D835AA5A2C010897002586DA /* DemoTaskListUITestsLaunchTests.swift in Sources */,
				D835AA582C010897002586DA /* DemoTaskListUITests.swift in Sources */,
			);
			runOnlyForDeploymentPostprocessing = 0;
		};
/* End PBXSourcesBuildPhase section */

/* Begin PBXTargetDependency section */
		D835AA4B2C010897002586DA /* PBXTargetDependency */ = {
			isa = PBXTargetDependency;
			target = D835AA382C010896002586DA /* DemoTaskList */;
			targetProxy = D835AA4A2C010897002586DA /* PBXContainerItemProxy */;
		};
		D835AA552C010897002586DA /* PBXTargetDependency */ = {
			isa = PBXTargetDependency;
			target = D835AA382C010896002586DA /* DemoTaskList */;
			targetProxy = D835AA542C010897002586DA /* PBXContainerItemProxy */;
		};
/* End PBXTargetDependency section */

/* Begin XCBuildConfiguration section */
		D835AA5B2C010897002586DA /* Debug */ = {
			isa = XCBuildConfiguration;
			buildSettings = {
				ALWAYS_SEARCH_USER_PATHS = NO;
				ASSETCATALOG_COMPILER_GENERATE_SWIFT_ASSET_SYMBOL_EXTENSIONS = YES;
				CLANG_ANALYZER_NONNULL = YES;
				CLANG_ANALYZER_NUMBER_OBJECT_CONVERSION = YES_AGGRESSIVE;
				CLANG_CXX_LANGUAGE_STANDARD = "gnu++20";
				CLANG_ENABLE_MODULES = YES;
				CLANG_ENABLE_OBJC_ARC = YES;
				CLANG_ENABLE_OBJC_WEAK = YES;
				CLANG_WARN_BLOCK_CAPTURE_AUTORELEASING = YES;
				CLANG_WARN_BOOL_CONVERSION = YES;
				CLANG_WARN_COMMA = YES;
				CLANG_WARN_CONSTANT_CONVERSION = YES;
				CLANG_WARN_DEPRECATED_OBJC_IMPLEMENTATIONS = YES;
				CLANG_WARN_DIRECT_OBJC_ISA_USAGE = YES_ERROR;
				CLANG_WARN_DOCUMENTATION_COMMENTS = YES;
				CLANG_WARN_EMPTY_BODY = YES;
				CLANG_WARN_ENUM_CONVERSION = YES;
				CLANG_WARN_INFINITE_RECURSION = YES;
				CLANG_WARN_INT_CONVERSION = YES;
				CLANG_WARN_NON_LITERAL_NULL_CONVERSION = YES;
				CLANG_WARN_OBJC_IMPLICIT_RETAIN_SELF = YES;
				CLANG_WARN_OBJC_LITERAL_CONVERSION = YES;
				CLANG_WARN_OBJC_ROOT_CLASS = YES_ERROR;
				CLANG_WARN_QUOTED_INCLUDE_IN_FRAMEWORK_HEADER = YES;
				CLANG_WARN_RANGE_LOOP_ANALYSIS = YES;
				CLANG_WARN_STRICT_PROTOTYPES = YES;
				CLANG_WARN_SUSPICIOUS_MOVE = YES;
				CLANG_WARN_UNGUARDED_AVAILABILITY = YES_AGGRESSIVE;
				CLANG_WARN_UNREACHABLE_CODE = YES;
				CLANG_WARN__DUPLICATE_METHOD_MATCH = YES;
				COPY_PHASE_STRIP = NO;
				DEBUG_INFORMATION_FORMAT = dwarf;
				ENABLE_STRICT_OBJC_MSGSEND = YES;
				ENABLE_TESTABILITY = YES;
				ENABLE_USER_SCRIPT_SANDBOXING = YES;
				GCC_C_LANGUAGE_STANDARD = gnu17;
				GCC_DYNAMIC_NO_PIC = NO;
				GCC_NO_COMMON_BLOCKS = YES;
				GCC_OPTIMIZATION_LEVEL = 0;
				GCC_PREPROCESSOR_DEFINITIONS = (
					"DEBUG=1",
					"$(inherited)",
				);
				GCC_WARN_64_TO_32_BIT_CONVERSION = YES;
				GCC_WARN_ABOUT_RETURN_TYPE = YES_ERROR;
				GCC_WARN_UNDECLARED_SELECTOR = YES;
				GCC_WARN_UNINITIALIZED_AUTOS = YES_AGGRESSIVE;
				GCC_WARN_UNUSED_FUNCTION = YES;
				GCC_WARN_UNUSED_VARIABLE = YES;
				IPHONEOS_DEPLOYMENT_TARGET = 17.5;
				LOCALIZATION_PREFERS_STRING_CATALOGS = YES;
				MTL_ENABLE_DEBUG_INFO = INCLUDE_SOURCE;
				MTL_FAST_MATH = YES;
				ONLY_ACTIVE_ARCH = YES;
				SDKROOT = iphoneos;
				SWIFT_ACTIVE_COMPILATION_CONDITIONS = "DEBUG $(inherited)";
				SWIFT_OPTIMIZATION_LEVEL = "-Onone";
			};
			name = Debug;
		};
		D835AA5C2C010897002586DA /* Release */ = {
			isa = XCBuildConfiguration;
			buildSettings = {
				ALWAYS_SEARCH_USER_PATHS = NO;
				ASSETCATALOG_COMPILER_GENERATE_SWIFT_ASSET_SYMBOL_EXTENSIONS = YES;
				CLANG_ANALYZER_NONNULL = YES;
				CLANG_ANALYZER_NUMBER_OBJECT_CONVERSION = YES_AGGRESSIVE;
				CLANG_CXX_LANGUAGE_STANDARD = "gnu++20";
				CLANG_ENABLE_MODULES = YES;
				CLANG_ENABLE_OBJC_ARC = YES;
				CLANG_ENABLE_OBJC_WEAK = YES;
				CLANG_WARN_BLOCK_CAPTURE_AUTORELEASING = YES;
				CLANG_WARN_BOOL_CONVERSION = YES;
				CLANG_WARN_COMMA = YES;
				CLANG_WARN_CONSTANT_CONVERSION = YES;
				CLANG_WARN_DEPRECATED_OBJC_IMPLEMENTATIONS = YES;
				CLANG_WARN_DIRECT_OBJC_ISA_USAGE = YES_ERROR;
				CLANG_WARN_DOCUMENTATION_COMMENTS = YES;
				CLANG_WARN_EMPTY_BODY = YES;
				CLANG_WARN_ENUM_CONVERSION = YES;
				CLANG_WARN_INFINITE_RECURSION = YES;
				CLANG_WARN_INT_CONVERSION = YES;
				CLANG_WARN_NON_LITERAL_NULL_CONVERSION = YES;
				CLANG_WARN_OBJC_IMPLICIT_RETAIN_SELF = YES;
				CLANG_WARN_OBJC_LITERAL_CONVERSION = YES;
				CLANG_WARN_OBJC_ROOT_CLASS = YES_ERROR;
				CLANG_WARN_QUOTED_INCLUDE_IN_FRAMEWORK_HEADER = YES;
				CLANG_WARN_RANGE_LOOP_ANALYSIS = YES;
				CLANG_WARN_STRICT_PROTOTYPES = YES;
				CLANG_WARN_SUSPICIOUS_MOVE = YES;
				CLANG_WARN_UNGUARDED_AVAILABILITY = YES_AGGRESSIVE;
				CLANG_WARN_UNREACHABLE_CODE = YES;
				CLANG_WARN__DUPLICATE_METHOD_MATCH = YES;
				COPY_PHASE_STRIP = NO;
				DEBUG_INFORMATION_FORMAT = "dwarf-with-dsym";
				ENABLE_NS_ASSERTIONS = NO;
				ENABLE_STRICT_OBJC_MSGSEND = YES;
				ENABLE_USER_SCRIPT_SANDBOXING = YES;
				GCC_C_LANGUAGE_STANDARD = gnu17;
				GCC_NO_COMMON_BLOCKS = YES;
				GCC_WARN_64_TO_32_BIT_CONVERSION = YES;
				GCC_WARN_ABOUT_RETURN_TYPE = YES_ERROR;
				GCC_WARN_UNDECLARED_SELECTOR = YES;
				GCC_WARN_UNINITIALIZED_AUTOS = YES_AGGRESSIVE;
				GCC_WARN_UNUSED_FUNCTION = YES;
				GCC_WARN_UNUSED_VARIABLE = YES;
				IPHONEOS_DEPLOYMENT_TARGET = 17.5;
				LOCALIZATION_PREFERS_STRING_CATALOGS = YES;
				MTL_ENABLE_DEBUG_INFO = NO;
				MTL_FAST_MATH = YES;
				SDKROOT = iphoneos;
				SWIFT_COMPILATION_MODE = wholemodule;
				VALIDATE_PRODUCT = YES;
			};
			name = Release;
		};
		D835AA5E2C010897002586DA /* Debug */ = {
			isa = XCBuildConfiguration;
			buildSettings = {
				ASSETCATALOG_COMPILER_APPICON_NAME = AppIcon;
				ASSETCATALOG_COMPILER_GLOBAL_ACCENT_COLOR_NAME = AccentColor;
				CODE_SIGN_STYLE = Automatic;
				CURRENT_PROJECT_VERSION = 1;
				DEVELOPMENT_ASSET_PATHS = "\"DemoTaskList/Preview Content\"";
				ENABLE_PREVIEWS = YES;
				GENERATE_INFOPLIST_FILE = YES;
				INFOPLIST_KEY_UIApplicationSceneManifest_Generation = YES;
				INFOPLIST_KEY_UIApplicationSupportsIndirectInputEvents = YES;
				INFOPLIST_KEY_UILaunchScreen_Generation = YES;
				INFOPLIST_KEY_UISupportedInterfaceOrientations_iPad = "UIInterfaceOrientationPortrait UIInterfaceOrientationPortraitUpsideDown UIInterfaceOrientationLandscapeLeft UIInterfaceOrientationLandscapeRight";
				INFOPLIST_KEY_UISupportedInterfaceOrientations_iPhone = "UIInterfaceOrientationPortrait UIInterfaceOrientationLandscapeLeft UIInterfaceOrientationLandscapeRight";
				LD_RUNPATH_SEARCH_PATHS = (
					"$(inherited)",
					"@executable_path/Frameworks",
				);
				MARKETING_VERSION = 1.0;
				PRODUCT_BUNDLE_IDENTIFIER = com.joeg3.DemoTaskList;
				PRODUCT_NAME = "$(TARGET_NAME)";
				SWIFT_EMIT_LOC_STRINGS = YES;
				SWIFT_VERSION = 5.0;
				TARGETED_DEVICE_FAMILY = "1,2";
			};
			name = Debug;
		};
		D835AA5F2C010897002586DA /* Release */ = {
			isa = XCBuildConfiguration;
			buildSettings = {
				ASSETCATALOG_COMPILER_APPICON_NAME = AppIcon;
				ASSETCATALOG_COMPILER_GLOBAL_ACCENT_COLOR_NAME = AccentColor;
				CODE_SIGN_STYLE = Automatic;
				CURRENT_PROJECT_VERSION = 1;
				DEVELOPMENT_ASSET_PATHS = "\"DemoTaskList/Preview Content\"";
				ENABLE_PREVIEWS = YES;
				GENERATE_INFOPLIST_FILE = YES;
				INFOPLIST_KEY_UIApplicationSceneManifest_Generation = YES;
				INFOPLIST_KEY_UIApplicationSupportsIndirectInputEvents = YES;
				INFOPLIST_KEY_UILaunchScreen_Generation = YES;
				INFOPLIST_KEY_UISupportedInterfaceOrientations_iPad = "UIInterfaceOrientationPortrait UIInterfaceOrientationPortraitUpsideDown UIInterfaceOrientationLandscapeLeft UIInterfaceOrientationLandscapeRight";
				INFOPLIST_KEY_UISupportedInterfaceOrientations_iPhone = "UIInterfaceOrientationPortrait UIInterfaceOrientationLandscapeLeft UIInterfaceOrientationLandscapeRight";
				LD_RUNPATH_SEARCH_PATHS = (
					"$(inherited)",
					"@executable_path/Frameworks",
				);
				MARKETING_VERSION = 1.0;
				PRODUCT_BUNDLE_IDENTIFIER = com.joeg3.DemoTaskList;
				PRODUCT_NAME = "$(TARGET_NAME)";
				SWIFT_EMIT_LOC_STRINGS = YES;
				SWIFT_VERSION = 5.0;
				TARGETED_DEVICE_FAMILY = "1,2";
			};
			name = Release;
		};
		D835AA612C010897002586DA /* Debug */ = {
			isa = XCBuildConfiguration;
			buildSettings = {
				ALWAYS_EMBED_SWIFT_STANDARD_LIBRARIES = YES;
				BUNDLE_LOADER = "$(TEST_HOST)";
				CODE_SIGN_STYLE = Automatic;
				CURRENT_PROJECT_VERSION = 1;
				GENERATE_INFOPLIST_FILE = YES;
				IPHONEOS_DEPLOYMENT_TARGET = 17.5;
				MARKETING_VERSION = 1.0;
				PRODUCT_BUNDLE_IDENTIFIER = com.joeg3.DemoTaskListTests;
				PRODUCT_NAME = "$(TARGET_NAME)";
				SWIFT_EMIT_LOC_STRINGS = NO;
				SWIFT_VERSION = 5.0;
				TARGETED_DEVICE_FAMILY = "1,2";
				TEST_HOST = "$(BUILT_PRODUCTS_DIR)/DemoTaskList.app/$(BUNDLE_EXECUTABLE_FOLDER_PATH)/DemoTaskList";
			};
			name = Debug;
		};
		D835AA622C010897002586DA /* Release */ = {
			isa = XCBuildConfiguration;
			buildSettings = {
				ALWAYS_EMBED_SWIFT_STANDARD_LIBRARIES = YES;
				BUNDLE_LOADER = "$(TEST_HOST)";
				CODE_SIGN_STYLE = Automatic;
				CURRENT_PROJECT_VERSION = 1;
				GENERATE_INFOPLIST_FILE = YES;
				IPHONEOS_DEPLOYMENT_TARGET = 17.5;
				MARKETING_VERSION = 1.0;
				PRODUCT_BUNDLE_IDENTIFIER = com.joeg3.DemoTaskListTests;
				PRODUCT_NAME = "$(TARGET_NAME)";
				SWIFT_EMIT_LOC_STRINGS = NO;
				SWIFT_VERSION = 5.0;
				TARGETED_DEVICE_FAMILY = "1,2";
				TEST_HOST = "$(BUILT_PRODUCTS_DIR)/DemoTaskList.app/$(BUNDLE_EXECUTABLE_FOLDER_PATH)/DemoTaskList";
			};
			name = Release;
		};
		D835AA642C010897002586DA /* Debug */ = {
			isa = XCBuildConfiguration;
			buildSettings = {
				ALWAYS_EMBED_SWIFT_STANDARD_LIBRARIES = YES;
				CODE_SIGN_STYLE = Automatic;
				CURRENT_PROJECT_VERSION = 1;
				GENERATE_INFOPLIST_FILE = YES;
				MARKETING_VERSION = 1.0;
				PRODUCT_BUNDLE_IDENTIFIER = com.joeg3.DemoTaskListUITests;
				PRODUCT_NAME = "$(TARGET_NAME)";
				SWIFT_EMIT_LOC_STRINGS = NO;
				SWIFT_VERSION = 5.0;
				TARGETED_DEVICE_FAMILY = "1,2";
				TEST_TARGET_NAME = DemoTaskList;
			};
			name = Debug;
		};
		D835AA652C010897002586DA /* Release */ = {
			isa = XCBuildConfiguration;
			buildSettings = {
				ALWAYS_EMBED_SWIFT_STANDARD_LIBRARIES = YES;
				CODE_SIGN_STYLE = Automatic;
				CURRENT_PROJECT_VERSION = 1;
				GENERATE_INFOPLIST_FILE = YES;
				MARKETING_VERSION = 1.0;
				PRODUCT_BUNDLE_IDENTIFIER = com.joeg3.DemoTaskListUITests;
				PRODUCT_NAME = "$(TARGET_NAME)";
				SWIFT_EMIT_LOC_STRINGS = NO;
				SWIFT_VERSION = 5.0;
				TARGETED_DEVICE_FAMILY = "1,2";
				TEST_TARGET_NAME = DemoTaskList;
			};
			name = Release;
		};
/* End XCBuildConfiguration section */

/* Begin XCConfigurationList section */
		D835AA342C010896002586DA /* Build configuration list for PBXProject "DemoTaskList" */ = {
			isa = XCConfigurationList;
			buildConfigurations = (
				D835AA5B2C010897002586DA /* Debug */,
				D835AA5C2C010897002586DA /* Release */,
			);
			defaultConfigurationIsVisible = 0;
			defaultConfigurationName = Release;
		};
		D835AA5D2C010897002586DA /* Build configuration list for PBXNativeTarget "DemoTaskList" */ = {
			isa = XCConfigurationList;
			buildConfigurations = (
				D835AA5E2C010897002586DA /* Debug */,
				D835AA5F2C010897002586DA /* Release */,
			);
			defaultConfigurationIsVisible = 0;
			defaultConfigurationName = Release;
		};
		D835AA602C010897002586DA /* Build configuration list for PBXNativeTarget "DemoTaskListTests" */ = {
			isa = XCConfigurationList;
			buildConfigurations = (
				D835AA612C010897002586DA /* Debug */,
				D835AA622C010897002586DA /* Release */,
			);
			defaultConfigurationIsVisible = 0;
			defaultConfigurationName = Release;
		};
		D835AA632C010897002586DA /* Build configuration list for PBXNativeTarget "DemoTaskListUITests" */ = {
			isa = XCConfigurationList;
			buildConfigurations = (
				D835AA642C010897002586DA /* Debug */,
				D835AA652C010897002586DA /* Release */,
			);
			defaultConfigurationIsVisible = 0;
			defaultConfigurationName = Release;
		};
/* End XCConfigurationList section */
	};
	rootObject = D835AA312C010896002586DA /* Project object */;
}
